// !$*UTF8*$!
{
	archiveVersion = 1;
	classes = {
	};
	objectVersion = 56;
	objects = {

/* Begin PBXBuildFile section */
		BDEDA4152B3B4F8600AA6771 /* FirstAppSwifUIApp.swift in Sources */ = {isa = PBXBuildFile; fileRef = BDEDA4142B3B4F8600AA6771 /* FirstAppSwifUIApp.swift */; };
		BDEDA4172B3B4F8600AA6771 /* ContentView.swift in Sources */ = {isa = PBXBuildFile; fileRef = BDEDA4162B3B4F8600AA6771 /* ContentView.swift */; };
		BDEDA4192B3B4F8800AA6771 /* Assets.xcassets in Resources */ = {isa = PBXBuildFile; fileRef = BDEDA4182B3B4F8800AA6771 /* Assets.xcassets */; };
		BDEDA41C2B3B4F8800AA6771 /* Preview Assets.xcassets in Resources */ = {isa = PBXBuildFile; fileRef = BDEDA41B2B3B4F8800AA6771 /* Preview Assets.xcassets */; };
		BDEDA4262B3B4F8800AA6771 /* FirstAppSwifUITests.swift in Sources */ = {isa = PBXBuildFile; fileRef = BDEDA4252B3B4F8800AA6771 /* FirstAppSwifUITests.swift */; };
		BDEDA4302B3B4F8800AA6771 /* FirstAppSwifUIUITests.swift in Sources */ = {isa = PBXBuildFile; fileRef = BDEDA42F2B3B4F8800AA6771 /* FirstAppSwifUIUITests.swift */; };
		BDEDA4322B3B4F8800AA6771 /* FirstAppSwifUIUITestsLaunchTests.swift in Sources */ = {isa = PBXBuildFile; fileRef = BDEDA4312B3B4F8800AA6771 /* FirstAppSwifUIUITestsLaunchTests.swift */; };
/* End PBXBuildFile section */

/* Begin PBXContainerItemProxy section */
		BDEDA4222B3B4F8800AA6771 /* PBXContainerItemProxy */ = {
			isa = PBXContainerItemProxy;
			containerPortal = BDEDA4092B3B4F8600AA6771 /* Project object */;
			proxyType = 1;
			remoteGlobalIDString = BDEDA4102B3B4F8600AA6771;
			remoteInfo = FirstAppSwifUI;
		};
		BDEDA42C2B3B4F8800AA6771 /* PBXContainerItemProxy */ = {
			isa = PBXContainerItemProxy;
			containerPortal = BDEDA4092B3B4F8600AA6771 /* Project object */;
			proxyType = 1;
			remoteGlobalIDString = BDEDA4102B3B4F8600AA6771;
			remoteInfo = FirstAppSwifUI;
		};
/* End PBXContainerItemProxy section */

/* Begin PBXFileReference section */
		BDEDA4112B3B4F8600AA6771 /* FirstAppSwifUI.app */ = {isa = PBXFileReference; explicitFileType = wrapper.application; includeInIndex = 0; path = FirstAppSwifUI.app; sourceTree = BUILT_PRODUCTS_DIR; };
		BDEDA4142B3B4F8600AA6771 /* FirstAppSwifUIApp.swift */ = {isa = PBXFileReference; lastKnownFileType = sourcecode.swift; path = FirstAppSwifUIApp.swift; sourceTree = "<group>"; };
		BDEDA4162B3B4F8600AA6771 /* ContentView.swift */ = {isa = PBXFileReference; lastKnownFileType = sourcecode.swift; path = ContentView.swift; sourceTree = "<group>"; };
		BDEDA4182B3B4F8800AA6771 /* Assets.xcassets */ = {isa = PBXFileReference; lastKnownFileType = folder.assetcatalog; path = Assets.xcassets; sourceTree = "<group>"; };
		BDEDA41B2B3B4F8800AA6771 /* Preview Assets.xcassets */ = {isa = PBXFileReference; lastKnownFileType = folder.assetcatalog; path = "Preview Assets.xcassets"; sourceTree = "<group>"; };
		BDEDA4212B3B4F8800AA6771 /* FirstAppSwifUITests.xctest */ = {isa = PBXFileReference; explicitFileType = wrapper.cfbundle; includeInIndex = 0; path = FirstAppSwifUITests.xctest; sourceTree = BUILT_PRODUCTS_DIR; };
		BDEDA4252B3B4F8800AA6771 /* FirstAppSwifUITests.swift */ = {isa = PBXFileReference; lastKnownFileType = sourcecode.swift; path = FirstAppSwifUITests.swift; sourceTree = "<group>"; };
		BDEDA42B2B3B4F8800AA6771 /* FirstAppSwifUIUITests.xctest */ = {isa = PBXFileReference; explicitFileType = wrapper.cfbundle; includeInIndex = 0; path = FirstAppSwifUIUITests.xctest; sourceTree = BUILT_PRODUCTS_DIR; };
		BDEDA42F2B3B4F8800AA6771 /* FirstAppSwifUIUITests.swift */ = {isa = PBXFileReference; lastKnownFileType = sourcecode.swift; path = FirstAppSwifUIUITests.swift; sourceTree = "<group>"; };
		BDEDA4312B3B4F8800AA6771 /* FirstAppSwifUIUITestsLaunchTests.swift */ = {isa = PBXFileReference; lastKnownFileType = sourcecode.swift; path = FirstAppSwifUIUITestsLaunchTests.swift; sourceTree = "<group>"; };
/* End PBXFileReference section */

/* Begin PBXFrameworksBuildPhase section */
		BDEDA40E2B3B4F8600AA6771 /* Frameworks */ = {
			isa = PBXFrameworksBuildPhase;
			buildActionMask = 2147483647;
			files = (
			);
			runOnlyForDeploymentPostprocessing = 0;
		};
		BDEDA41E2B3B4F8800AA6771 /* Frameworks */ = {
			isa = PBXFrameworksBuildPhase;
			buildActionMask = 2147483647;
			files = (
			);
			runOnlyForDeploymentPostprocessing = 0;
		};
		BDEDA4282B3B4F8800AA6771 /* Frameworks */ = {
			isa = PBXFrameworksBuildPhase;
			buildActionMask = 2147483647;
			files = (
			);
			runOnlyForDeploymentPostprocessing = 0;
		};
/* End PBXFrameworksBuildPhase section */

/* Begin PBXGroup section */
		BDEDA4082B3B4F8600AA6771 = {
			isa = PBXGroup;
			children = (
				BDEDA4132B3B4F8600AA6771 /* FirstAppSwifUI */,
				BDEDA4242B3B4F8800AA6771 /* FirstAppSwifUITests */,
				BDEDA42E2B3B4F8800AA6771 /* FirstAppSwifUIUITests */,
				BDEDA4122B3B4F8600AA6771 /* Products */,
			);
			sourceTree = "<group>";
		};
		BDEDA4122B3B4F8600AA6771 /* Products */ = {
			isa = PBXGroup;
			children = (
				BDEDA4112B3B4F8600AA6771 /* FirstAppSwifUI.app */,
				BDEDA4212B3B4F8800AA6771 /* FirstAppSwifUITests.xctest */,
				BDEDA42B2B3B4F8800AA6771 /* FirstAppSwifUIUITests.xctest */,
			);
			name = Products;
			sourceTree = "<group>";
		};
		BDEDA4132B3B4F8600AA6771 /* FirstAppSwifUI */ = {
			isa = PBXGroup;
			children = (
				BDEDA4142B3B4F8600AA6771 /* FirstAppSwifUIApp.swift */,
				BDEDA4162B3B4F8600AA6771 /* ContentView.swift */,
				BDEDA4182B3B4F8800AA6771 /* Assets.xcassets */,
				BDEDA41A2B3B4F8800AA6771 /* Preview Content */,
			);
			path = FirstAppSwifUI;
			sourceTree = "<group>";
		};
		BDEDA41A2B3B4F8800AA6771 /* Preview Content */ = {
			isa = PBXGroup;
			children = (
				BDEDA41B2B3B4F8800AA6771 /* Preview Assets.xcassets */,
			);
			path = "Preview Content";
			sourceTree = "<group>";
		};
		BDEDA4242B3B4F8800AA6771 /* FirstAppSwifUITests */ = {
			isa = PBXGroup;
			children = (
				BDEDA4252B3B4F8800AA6771 /* FirstAppSwifUITests.swift */,
			);
			path = FirstAppSwifUITests;
			sourceTree = "<group>";
		};
		BDEDA42E2B3B4F8800AA6771 /* FirstAppSwifUIUITests */ = {
			isa = PBXGroup;
			children = (
				BDEDA42F2B3B4F8800AA6771 /* FirstAppSwifUIUITests.swift */,
				BDEDA4312B3B4F8800AA6771 /* FirstAppSwifUIUITestsLaunchTests.swift */,
			);
			path = FirstAppSwifUIUITests;
			sourceTree = "<group>";
		};
/* End PBXGroup section */

/* Begin PBXNativeTarget section */
		BDEDA4102B3B4F8600AA6771 /* FirstAppSwifUI */ = {
			isa = PBXNativeTarget;
			buildConfigurationList = BDEDA4352B3B4F8800AA6771 /* Build configuration list for PBXNativeTarget "FirstAppSwifUI" */;
			buildPhases = (
				BDEDA40D2B3B4F8600AA6771 /* Sources */,
				BDEDA40E2B3B4F8600AA6771 /* Frameworks */,
				BDEDA40F2B3B4F8600AA6771 /* Resources */,
			);
			buildRules = (
			);
			dependencies = (
			);
			name = FirstAppSwifUI;
			productName = FirstAppSwifUI;
			productReference = BDEDA4112B3B4F8600AA6771 /* FirstAppSwifUI.app */;
			productType = "com.apple.product-type.application";
		};
		BDEDA4202B3B4F8800AA6771 /* FirstAppSwifUITests */ = {
			isa = PBXNativeTarget;
			buildConfigurationList = BDEDA4382B3B4F8800AA6771 /* Build configuration list for PBXNativeTarget "FirstAppSwifUITests" */;
			buildPhases = (
				BDEDA41D2B3B4F8800AA6771 /* Sources */,
				BDEDA41E2B3B4F8800AA6771 /* Frameworks */,
				BDEDA41F2B3B4F8800AA6771 /* Resources */,
			);
			buildRules = (
			);
			dependencies = (
				BDEDA4232B3B4F8800AA6771 /* PBXTargetDependency */,
			);
			name = FirstAppSwifUITests;
			productName = FirstAppSwifUITests;
			productReference = BDEDA4212B3B4F8800AA6771 /* FirstAppSwifUITests.xctest */;
			productType = "com.apple.product-type.bundle.unit-test";
		};
		BDEDA42A2B3B4F8800AA6771 /* FirstAppSwifUIUITests */ = {
			isa = PBXNativeTarget;
			buildConfigurationList = BDEDA43B2B3B4F8800AA6771 /* Build configuration list for PBXNativeTarget "FirstAppSwifUIUITests" */;
			buildPhases = (
				BDEDA4272B3B4F8800AA6771 /* Sources */,
				BDEDA4282B3B4F8800AA6771 /* Frameworks */,
				BDEDA4292B3B4F8800AA6771 /* Resources */,
			);
			buildRules = (
			);
			dependencies = (
				BDEDA42D2B3B4F8800AA6771 /* PBXTargetDependency */,
			);
			name = FirstAppSwifUIUITests;
			productName = FirstAppSwifUIUITests;
			productReference = BDEDA42B2B3B4F8800AA6771 /* FirstAppSwifUIUITests.xctest */;
			productType = "com.apple.product-type.bundle.ui-testing";
		};
/* End PBXNativeTarget section */

/* Begin PBXProject section */
		BDEDA4092B3B4F8600AA6771 /* Project object */ = {
			isa = PBXProject;
			attributes = {
				BuildIndependentTargetsInParallel = 1;
				LastSwiftUpdateCheck = 1410;
				LastUpgradeCheck = 1410;
				TargetAttributes = {
					BDEDA4102B3B4F8600AA6771 = {
						CreatedOnToolsVersion = 14.1;
					};
					BDEDA4202B3B4F8800AA6771 = {
						CreatedOnToolsVersion = 14.1;
						TestTargetID = BDEDA4102B3B4F8600AA6771;
					};
					BDEDA42A2B3B4F8800AA6771 = {
						CreatedOnToolsVersion = 14.1;
						TestTargetID = BDEDA4102B3B4F8600AA6771;
					};
				};
			};
			buildConfigurationList = BDEDA40C2B3B4F8600AA6771 /* Build configuration list for PBXProject "FirstAppSwifUI" */;
			compatibilityVersion = "Xcode 14.0";
			developmentRegion = en;
			hasScannedForEncodings = 0;
			knownRegions = (
				en,
				Base,
			);
			mainGroup = BDEDA4082B3B4F8600AA6771;
			productRefGroup = BDEDA4122B3B4F8600AA6771 /* Products */;
			projectDirPath = "";
			projectRoot = "";
			targets = (
				BDEDA4102B3B4F8600AA6771 /* FirstAppSwifUI */,
				BDEDA4202B3B4F8800AA6771 /* FirstAppSwifUITests */,
				BDEDA42A2B3B4F8800AA6771 /* FirstAppSwifUIUITests */,
			);
		};
/* End PBXProject section */

/* Begin PBXResourcesBuildPhase section */
		BDEDA40F2B3B4F8600AA6771 /* Resources */ = {
			isa = PBXResourcesBuildPhase;
			buildActionMask = 2147483647;
			files = (
				BDEDA41C2B3B4F8800AA6771 /* Preview Assets.xcassets in Resources */,
				BDEDA4192B3B4F8800AA6771 /* Assets.xcassets in Resources */,
			);
			runOnlyForDeploymentPostprocessing = 0;
		};
		BDEDA41F2B3B4F8800AA6771 /* Resources */ = {
			isa = PBXResourcesBuildPhase;
			buildActionMask = 2147483647;
			files = (
			);
			runOnlyForDeploymentPostprocessing = 0;
		};
		BDEDA4292B3B4F8800AA6771 /* Resources */ = {
			isa = PBXResourcesBuildPhase;
			buildActionMask = 2147483647;
			files = (
			);
			runOnlyForDeploymentPostprocessing = 0;
		};
/* End PBXResourcesBuildPhase section */

/* Begin PBXSourcesBuildPhase section */
		BDEDA40D2B3B4F8600AA6771 /* Sources */ = {
			isa = PBXSourcesBuildPhase;
			buildActionMask = 2147483647;
			files = (
				BDEDA4172B3B4F8600AA6771 /* ContentView.swift in Sources */,
				BDEDA4152B3B4F8600AA6771 /* FirstAppSwifUIApp.swift in Sources */,
			);
			runOnlyForDeploymentPostprocessing = 0;
		};
		BDEDA41D2B3B4F8800AA6771 /* Sources */ = {
			isa = PBXSourcesBuildPhase;
			buildActionMask = 2147483647;
			files = (
				BDEDA4262B3B4F8800AA6771 /* FirstAppSwifUITests.swift in Sources */,
			);
			runOnlyForDeploymentPostprocessing = 0;
		};
		BDEDA4272B3B4F8800AA6771 /* Sources */ = {
			isa = PBXSourcesBuildPhase;
			buildActionMask = 2147483647;
			files = (
				BDEDA4322B3B4F8800AA6771 /* FirstAppSwifUIUITestsLaunchTests.swift in Sources */,
				BDEDA4302B3B4F8800AA6771 /* FirstAppSwifUIUITests.swift in Sources */,
			);
			runOnlyForDeploymentPostprocessing = 0;
		};
/* End PBXSourcesBuildPhase section */

/* Begin PBXTargetDependency section */
		BDEDA4232B3B4F8800AA6771 /* PBXTargetDependency */ = {
			isa = PBXTargetDependency;
			target = BDEDA4102B3B4F8600AA6771 /* FirstAppSwifUI */;
			targetProxy = BDEDA4222B3B4F8800AA6771 /* PBXContainerItemProxy */;
		};
		BDEDA42D2B3B4F8800AA6771 /* PBXTargetDependency */ = {
			isa = PBXTargetDependency;
			target = BDEDA4102B3B4F8600AA6771 /* FirstAppSwifUI */;
			targetProxy = BDEDA42C2B3B4F8800AA6771 /* PBXContainerItemProxy */;
		};
/* End PBXTargetDependency section */

/* Begin XCBuildConfiguration section */
		BDEDA4332B3B4F8800AA6771 /* Debug */ = {
			isa = XCBuildConfiguration;
			buildSettings = {
				ALWAYS_SEARCH_USER_PATHS = NO;
				CLANG_ANALYZER_NONNULL = YES;
				CLANG_ANALYZER_NUMBER_OBJECT_CONVERSION = YES_AGGRESSIVE;
				CLANG_CXX_LANGUAGE_STANDARD = "gnu++20";
				CLANG_ENABLE_MODULES = YES;
				CLANG_ENABLE_OBJC_ARC = YES;
				CLANG_ENABLE_OBJC_WEAK = YES;
				CLANG_WARN_BLOCK_CAPTURE_AUTORELEASING = YES;
				CLANG_WARN_BOOL_CONVERSION = YES;
				CLANG_WARN_COMMA = YES;
				CLANG_WARN_CONSTANT_CONVERSION = YES;
				CLANG_WARN_DEPRECATED_OBJC_IMPLEMENTATIONS = YES;
				CLANG_WARN_DIRECT_OBJC_ISA_USAGE = YES_ERROR;
				CLANG_WARN_DOCUMENTATION_COMMENTS = YES;
				CLANG_WARN_EMPTY_BODY = YES;
				CLANG_WARN_ENUM_CONVERSION = YES;
				CLANG_WARN_INFINITE_RECURSION = YES;
				CLANG_WARN_INT_CONVERSION = YES;
				CLANG_WARN_NON_LITERAL_NULL_CONVERSION = YES;
				CLANG_WARN_OBJC_IMPLICIT_RETAIN_SELF = YES;
				CLANG_WARN_OBJC_LITERAL_CONVERSION = YES;
				CLANG_WARN_OBJC_ROOT_CLASS = YES_ERROR;
				CLANG_WARN_QUOTED_INCLUDE_IN_FRAMEWORK_HEADER = YES;
				CLANG_WARN_RANGE_LOOP_ANALYSIS = YES;
				CLANG_WARN_STRICT_PROTOTYPES = YES;
				CLANG_WARN_SUSPICIOUS_MOVE = YES;
				CLANG_WARN_UNGUARDED_AVAILABILITY = YES_AGGRESSIVE;
				CLANG_WARN_UNREACHABLE_CODE = YES;
				CLANG_WARN__DUPLICATE_METHOD_MATCH = YES;
				COPY_PHASE_STRIP = NO;
				DEBUG_INFORMATION_FORMAT = dwarf;
				ENABLE_STRICT_OBJC_MSGSEND = YES;
				ENABLE_TESTABILITY = YES;
				GCC_C_LANGUAGE_STANDARD = gnu11;
				GCC_DYNAMIC_NO_PIC = NO;
				GCC_NO_COMMON_BLOCKS = YES;
				GCC_OPTIMIZATION_LEVEL = 0;
				GCC_PREPROCESSOR_DEFINITIONS = (
					"DEBUG=1",
					"$(inherited)",
				);
				GCC_WARN_64_TO_32_BIT_CONVERSION = YES;
				GCC_WARN_ABOUT_RETURN_TYPE = YES_ERROR;
				GCC_WARN_UNDECLARED_SELECTOR = YES;
				GCC_WARN_UNINITIALIZED_AUTOS = YES_AGGRESSIVE;
				GCC_WARN_UNUSED_FUNCTION = YES;
				GCC_WARN_UNUSED_VARIABLE = YES;
				IPHONEOS_DEPLOYMENT_TARGET = 16.1;
				MTL_ENABLE_DEBUG_INFO = INCLUDE_SOURCE;
				MTL_FAST_MATH = YES;
				ONLY_ACTIVE_ARCH = YES;
				SDKROOT = iphoneos;
				SWIFT_ACTIVE_COMPILATION_CONDITIONS = DEBUG;
				SWIFT_OPTIMIZATION_LEVEL = "-Onone";
			};
			name = Debug;
		};
		BDEDA4342B3B4F8800AA6771 /* Release */ = {
			isa = XCBuildConfiguration;
			buildSettings = {
				ALWAYS_SEARCH_USER_PATHS = NO;
				CLANG_ANALYZER_NONNULL = YES;
				CLANG_ANALYZER_NUMBER_OBJECT_CONVERSION = YES_AGGRESSIVE;
				CLANG_CXX_LANGUAGE_STANDARD = "gnu++20";
				CLANG_ENABLE_MODULES = YES;
				CLANG_ENABLE_OBJC_ARC = YES;
				CLANG_ENABLE_OBJC_WEAK = YES;
				CLANG_WARN_BLOCK_CAPTURE_AUTORELEASING = YES;
				CLANG_WARN_BOOL_CONVERSION = YES;
				CLANG_WARN_COMMA = YES;
				CLANG_WARN_CONSTANT_CONVERSION = YES;
				CLANG_WARN_DEPRECATED_OBJC_IMPLEMENTATIONS = YES;
				CLANG_WARN_DIRECT_OBJC_ISA_USAGE = YES_ERROR;
				CLANG_WARN_DOCUMENTATION_COMMENTS = YES;
				CLANG_WARN_EMPTY_BODY = YES;
				CLANG_WARN_ENUM_CONVERSION = YES;
				CLANG_WARN_INFINITE_RECURSION = YES;
				CLANG_WARN_INT_CONVERSION = YES;
				CLANG_WARN_NON_LITERAL_NULL_CONVERSION = YES;
				CLANG_WARN_OBJC_IMPLICIT_RETAIN_SELF = YES;
				CLANG_WARN_OBJC_LITERAL_CONVERSION = YES;
				CLANG_WARN_OBJC_ROOT_CLASS = YES_ERROR;
				CLANG_WARN_QUOTED_INCLUDE_IN_FRAMEWORK_HEADER = YES;
				CLANG_WARN_RANGE_LOOP_ANALYSIS = YES;
				CLANG_WARN_STRICT_PROTOTYPES = YES;
				CLANG_WARN_SUSPICIOUS_MOVE = YES;
				CLANG_WARN_UNGUARDED_AVAILABILITY = YES_AGGRESSIVE;
				CLANG_WARN_UNREACHABLE_CODE = YES;
				CLANG_WARN__DUPLICATE_METHOD_MATCH = YES;
				COPY_PHASE_STRIP = NO;
				DEBUG_INFORMATION_FORMAT = "dwarf-with-dsym";
				ENABLE_NS_ASSERTIONS = NO;
				ENABLE_STRICT_OBJC_MSGSEND = YES;
				GCC_C_LANGUAGE_STANDARD = gnu11;
				GCC_NO_COMMON_BLOCKS = YES;
				GCC_WARN_64_TO_32_BIT_CONVERSION = YES;
				GCC_WARN_ABOUT_RETURN_TYPE = YES_ERROR;
				GCC_WARN_UNDECLARED_SELECTOR = YES;
				GCC_WARN_UNINITIALIZED_AUTOS = YES_AGGRESSIVE;
				GCC_WARN_UNUSED_FUNCTION = YES;
				GCC_WARN_UNUSED_VARIABLE = YES;
				IPHONEOS_DEPLOYMENT_TARGET = 16.1;
				MTL_ENABLE_DEBUG_INFO = NO;
				MTL_FAST_MATH = YES;
				SDKROOT = iphoneos;
				SWIFT_COMPILATION_MODE = wholemodule;
				SWIFT_OPTIMIZATION_LEVEL = "-O";
				VALIDATE_PRODUCT = YES;
			};
			name = Release;
		};
		BDEDA4362B3B4F8800AA6771 /* Debug */ = {
			isa = XCBuildConfiguration;
			buildSettings = {
				ASSETCATALOG_COMPILER_APPICON_NAME = AppIcon;
				ASSETCATALOG_COMPILER_GLOBAL_ACCENT_COLOR_NAME = AccentColor;
				CODE_SIGN_STYLE = Automatic;
				CURRENT_PROJECT_VERSION = 1;
				DEVELOPMENT_ASSET_PATHS = "\"FirstAppSwifUI/Preview Content\"";
				DEVELOPMENT_TEAM = V88UH98PZC;
				ENABLE_PREVIEWS = YES;
				GENERATE_INFOPLIST_FILE = YES;
				INFOPLIST_KEY_UIApplicationSceneManifest_Generation = YES;
				INFOPLIST_KEY_UIApplicationSupportsIndirectInputEvents = YES;
				INFOPLIST_KEY_UILaunchScreen_Generation = YES;
				INFOPLIST_KEY_UISupportedInterfaceOrientations_iPad = "UIInterfaceOrientationPortrait UIInterfaceOrientationPortraitUpsideDown UIInterfaceOrientationLandscapeLeft UIInterfaceOrientationLandscapeRight";
				INFOPLIST_KEY_UISupportedInterfaceOrientations_iPhone = "UIInterfaceOrientationPortrait UIInterfaceOrientationLandscapeLeft UIInterfaceOrientationLandscapeRight";
				LD_RUNPATH_SEARCH_PATHS = (
					"$(inherited)",
					"@executable_path/Frameworks",
				);
				MARKETING_VERSION = 1.0;
				PRODUCT_BUNDLE_IDENTIFIER = fernando.FirstAppSwifUI;
				PRODUCT_NAME = "$(TARGET_NAME)";
				SWIFT_EMIT_LOC_STRINGS = YES;
				SWIFT_VERSION = 5.0;
				TARGETED_DEVICE_FAMILY = "1,2";
			};
			name = Debug;
		};
		BDEDA4372B3B4F8800AA6771 /* Release */ = {
			isa = XCBuildConfiguration;
			buildSettings = {
				ASSETCATALOG_COMPILER_APPICON_NAME = AppIcon;
				ASSETCATALOG_COMPILER_GLOBAL_ACCENT_COLOR_NAME = AccentColor;
				CODE_SIGN_STYLE = Automatic;
				CURRENT_PROJECT_VERSION = 1;
				DEVELOPMENT_ASSET_PATHS = "\"FirstAppSwifUI/Preview Content\"";
				DEVELOPMENT_TEAM = V88UH98PZC;
				ENABLE_PREVIEWS = YES;
				GENERATE_INFOPLIST_FILE = YES;
				INFOPLIST_KEY_UIApplicationSceneManifest_Generation = YES;
				INFOPLIST_KEY_UIApplicationSupportsIndirectInputEvents = YES;
				INFOPLIST_KEY_UILaunchScreen_Generation = YES;
				INFOPLIST_KEY_UISupportedInterfaceOrientations_iPad = "UIInterfaceOrientationPortrait UIInterfaceOrientationPortraitUpsideDown UIInterfaceOrientationLandscapeLeft UIInterfaceOrientationLandscapeRight";
				INFOPLIST_KEY_UISupportedInterfaceOrientations_iPhone = "UIInterfaceOrientationPortrait UIInterfaceOrientationLandscapeLeft UIInterfaceOrientationLandscapeRight";
				LD_RUNPATH_SEARCH_PATHS = (
					"$(inherited)",
					"@executable_path/Frameworks",
				);
				MARKETING_VERSION = 1.0;
				PRODUCT_BUNDLE_IDENTIFIER = fernando.FirstAppSwifUI;
				PRODUCT_NAME = "$(TARGET_NAME)";
				SWIFT_EMIT_LOC_STRINGS = YES;
				SWIFT_VERSION = 5.0;
				TARGETED_DEVICE_FAMILY = "1,2";
			};
			name = Release;
		};
		BDEDA4392B3B4F8800AA6771 /* Debug */ = {
			isa = XCBuildConfiguration;
			buildSettings = {
				ALWAYS_EMBED_SWIFT_STANDARD_LIBRARIES = YES;
				BUNDLE_LOADER = "$(TEST_HOST)";
				CODE_SIGN_STYLE = Automatic;
				CURRENT_PROJECT_VERSION = 1;
				DEVELOPMENT_TEAM = V88UH98PZC;
				GENERATE_INFOPLIST_FILE = YES;
				IPHONEOS_DEPLOYMENT_TARGET = 16.1;
				MARKETING_VERSION = 1.0;
				PRODUCT_BUNDLE_IDENTIFIER = fernando.FirstAppSwifUITests;
				PRODUCT_NAME = "$(TARGET_NAME)";
				SWIFT_EMIT_LOC_STRINGS = NO;
				SWIFT_VERSION = 5.0;
				TARGETED_DEVICE_FAMILY = "1,2";
				TEST_HOST = "$(BUILT_PRODUCTS_DIR)/FirstAppSwifUI.app/$(BUNDLE_EXECUTABLE_FOLDER_PATH)/FirstAppSwifUI";
			};
			name = Debug;
		};
		BDEDA43A2B3B4F8800AA6771 /* Release */ = {
			isa = XCBuildConfiguration;
			buildSettings = {
				ALWAYS_EMBED_SWIFT_STANDARD_LIBRARIES = YES;
				BUNDLE_LOADER = "$(TEST_HOST)";
				CODE_SIGN_STYLE = Automatic;
				CURRENT_PROJECT_VERSION = 1;
				DEVELOPMENT_TEAM = V88UH98PZC;
				GENERATE_INFOPLIST_FILE = YES;
				IPHONEOS_DEPLOYMENT_TARGET = 16.1;
				MARKETING_VERSION = 1.0;
				PRODUCT_BUNDLE_IDENTIFIER = fernando.FirstAppSwifUITests;
				PRODUCT_NAME = "$(TARGET_NAME)";
				SWIFT_EMIT_LOC_STRINGS = NO;
				SWIFT_VERSION = 5.0;
				TARGETED_DEVICE_FAMILY = "1,2";
				TEST_HOST = "$(BUILT_PRODUCTS_DIR)/FirstAppSwifUI.app/$(BUNDLE_EXECUTABLE_FOLDER_PATH)/FirstAppSwifUI";
			};
			name = Release;
		};
		BDEDA43C2B3B4F8800AA6771 /* Debug */ = {
			isa = XCBuildConfiguration;
			buildSettings = {
				ALWAYS_EMBED_SWIFT_STANDARD_LIBRARIES = YES;
				CODE_SIGN_STYLE = Automatic;
				CURRENT_PROJECT_VERSION = 1;
				DEVELOPMENT_TEAM = V88UH98PZC;
				GENERATE_INFOPLIST_FILE = YES;
				MARKETING_VERSION = 1.0;
				PRODUCT_BUNDLE_IDENTIFIER = fernando.FirstAppSwifUIUITests;
				PRODUCT_NAME = "$(TARGET_NAME)";
				SWIFT_EMIT_LOC_STRINGS = NO;
				SWIFT_VERSION = 5.0;
				TARGETED_DEVICE_FAMILY = "1,2";
				TEST_TARGET_NAME = FirstAppSwifUI;
			};
			name = Debug;
		};
		BDEDA43D2B3B4F8800AA6771 /* Release */ = {
			isa = XCBuildConfiguration;
			buildSettings = {
				ALWAYS_EMBED_SWIFT_STANDARD_LIBRARIES = YES;
				CODE_SIGN_STYLE = Automatic;
				CURRENT_PROJECT_VERSION = 1;
				DEVELOPMENT_TEAM = V88UH98PZC;
				GENERATE_INFOPLIST_FILE = YES;
				MARKETING_VERSION = 1.0;
				PRODUCT_BUNDLE_IDENTIFIER = fernando.FirstAppSwifUIUITests;
				PRODUCT_NAME = "$(TARGET_NAME)";
				SWIFT_EMIT_LOC_STRINGS = NO;
				SWIFT_VERSION = 5.0;
				TARGETED_DEVICE_FAMILY = "1,2";
				TEST_TARGET_NAME = FirstAppSwifUI;
			};
			name = Release;
		};
/* End XCBuildConfiguration section */

/* Begin XCConfigurationList section */
		BDEDA40C2B3B4F8600AA6771 /* Build configuration list for PBXProject "FirstAppSwifUI" */ = {
			isa = XCConfigurationList;
			buildConfigurations = (
				BDEDA4332B3B4F8800AA6771 /* Debug */,
				BDEDA4342B3B4F8800AA6771 /* Release */,
			);
			defaultConfigurationIsVisible = 0;
			defaultConfigurationName = Release;
		};
		BDEDA4352B3B4F8800AA6771 /* Build configuration list for PBXNativeTarget "FirstAppSwifUI" */ = {
			isa = XCConfigurationList;
			buildConfigurations = (
				BDEDA4362B3B4F8800AA6771 /* Debug */,
				BDEDA4372B3B4F8800AA6771 /* Release */,
			);
			defaultConfigurationIsVisible = 0;
			defaultConfigurationName = Release;
		};
		BDEDA4382B3B4F8800AA6771 /* Build configuration list for PBXNativeTarget "FirstAppSwifUITests" */ = {
			isa = XCConfigurationList;
			buildConfigurations = (
				BDEDA4392B3B4F8800AA6771 /* Debug */,
				BDEDA43A2B3B4F8800AA6771 /* Release */,
			);
			defaultConfigurationIsVisible = 0;
			defaultConfigurationName = Release;
		};
		BDEDA43B2B3B4F8800AA6771 /* Build configuration list for PBXNativeTarget "FirstAppSwifUIUITests" */ = {
			isa = XCConfigurationList;
			buildConfigurations = (
				BDEDA43C2B3B4F8800AA6771 /* Debug */,
				BDEDA43D2B3B4F8800AA6771 /* Release */,
			);
			defaultConfigurationIsVisible = 0;
			defaultConfigurationName = Release;
		};
/* End XCConfigurationList section */
	};
	rootObject = BDEDA4092B3B4F8600AA6771 /* Project object */;
}
